{
  "object": {
    "pins": [
      {
        "package": "Apollo",
        "repositoryURL": "https://github.com/navrozSingh/apollo-ios",
        "state": {
          "branch": "main",
          "revision": "98a7ea4f28bc619a86494d9bac280e04062421b9",
          "version": null
        }
      },
      {
        "package": "SQLite.swift",
        "repositoryURL": "https://github.com/stephencelis/SQLite.swift.git",
        "state": {
          "branch": null,
          "revision": "0a9893ec030501a3956bee572d6b4fdd3ae158a1",
          "version": "0.12.2"
        }
      }
    ]
  },
  "version": 1
}
